
Microsoft Visual Studio Solution File, Format Version 12.00
# Visual Studio Version 17
VisualStudioVersion = 17.12.35527.113 d17.12
MinimumVisualStudioVersion = 10.0.40219.1
Project("{FAE04EC0-301F-11D3-BF4B-00C04F79EFBC}") = "TravelBookingPortal.API", "TravelBookingPortal.API\TravelBookingPortal.API.csproj", "{218BB592-41EF-4D04-99F9-09E3BD4ED457}"
EndProject
Project("{FAE04EC0-301F-11D3-BF4B-00C04F79EFBC}") = "TravelBookingPortal.Application", "TravelBookingPortal.Application\TravelBookingPortal.Application.csproj", "{F9CF91A1-6F5E-46E4-9778-424CB6344AC6}"
EndProject
Project("{FAE04EC0-301F-11D3-BF4B-00C04F79EFBC}") = "TravelBookingPortal.Domain", "TravelBookingPortal.Domain\TravelBookingPortal.Domain.csproj", "{E54C54C1-C166-4B43-A92A-FE1E9A0F2799}"
EndProject
Project("{FAE04EC0-301F-11D3-BF4B-00C04F79EFBC}") = "TravelBookingPortal.Infrastructure", "TravelBookingPortal.Infrastructure\TravelBookingPortal.Infrastructure.csproj", "{712DC94A-53A2-4866-9D52-3B839B320A77}"
EndProject
Global
	GlobalSection(SolutionConfigurationPlatforms) = preSolution
		Debug|Any CPU = Debug|Any CPU
		Release|Any CPU = Release|Any CPU
	EndGlobalSection
	GlobalSection(ProjectConfigurationPlatforms) = postSolution
		{218BB592-41EF-4D04-99F9-09E3BD4ED457}.Debug|Any CPU.ActiveCfg = Debug|Any CPU
		{218BB592-41EF-4D04-99F9-09E3BD4ED457}.Debug|Any CPU.Build.0 = Debug|Any CPU
		{218BB592-41EF-4D04-99F9-09E3BD4ED457}.Release|Any CPU.ActiveCfg = Release|Any CPU
		{218BB592-41EF-4D04-99F9-09E3BD4ED457}.Release|Any CPU.Build.0 = Release|Any CPU
		{F9CF91A1-6F5E-46E4-9778-424CB6344AC6}.Debug|Any CPU.ActiveCfg = Debug|Any CPU
		{F9CF91A1-6F5E-46E4-9778-424CB6344AC6}.Debug|Any CPU.Build.0 = Debug|Any CPU
		{F9CF91A1-6F5E-46E4-9778-424CB6344AC6}.Release|Any CPU.ActiveCfg = Release|Any CPU
		{F9CF91A1-6F5E-46E4-9778-424CB6344AC6}.Release|Any CPU.Build.0 = Release|Any CPU
		{E54C54C1-C166-4B43-A92A-FE1E9A0F2799}.Debug|Any CPU.ActiveCfg = Debug|Any CPU
		{E54C54C1-C166-4B43-A92A-FE1E9A0F2799}.Debug|Any CPU.Build.0 = Debug|Any CPU
		{E54C54C1-C166-4B43-A92A-FE1E9A0F2799}.Release|Any CPU.ActiveCfg = Release|Any CPU
		{E54C54C1-C166-4B43-A92A-FE1E9A0F2799}.Release|Any CPU.Build.0 = Release|Any CPU
		{712DC94A-53A2-4866-9D52-3B839B320A77}.Debug|Any CPU.ActiveCfg = Debug|Any CPU
		{712DC94A-53A2-4866-9D52-3B839B320A77}.Debug|Any CPU.Build.0 = Debug|Any CPU
		{712DC94A-53A2-4866-9D52-3B839B320A77}.Release|Any CPU.ActiveCfg = Release|Any CPU
		{712DC94A-53A2-4866-9D52-3B839B320A77}.Release|Any CPU.Build.0 = Release|Any CPU
	EndGlobalSection
	GlobalSection(SolutionProperties) = preSolution
		HideSolutionNode = FALSE
	EndGlobalSection
EndGlobal
